// !$*UTF8*$!
{
	archiveVersion = 1;
	classes = {
	};
	objectVersion = 46;
	objects = {

/* Begin PBXBuildFile section */
		987017EFD45D9E8CD916071C /* libPods-Domicilios.a in Frameworks */ = {isa = PBXBuildFile; fileRef = 91740B582237580D60B6DF81 /* libPods-Domicilios.a */; };
		F2499D371DD0FC710082AD9E /* RestaurantDetailViewController.m in Sources */ = {isa = PBXBuildFile; fileRef = F2499D361DD0FC710082AD9E /* RestaurantDetailViewController.m */; };
		F2CBF15D1DD0D616004E9A40 /* main.m in Sources */ = {isa = PBXBuildFile; fileRef = F2CBF15C1DD0D616004E9A40 /* main.m */; };
		F2CBF1601DD0D616004E9A40 /* AppDelegate.m in Sources */ = {isa = PBXBuildFile; fileRef = F2CBF15F1DD0D616004E9A40 /* AppDelegate.m */; };
		F2CBF1631DD0D616004E9A40 /* ViewController.m in Sources */ = {isa = PBXBuildFile; fileRef = F2CBF1621DD0D616004E9A40 /* ViewController.m */; };
		F2CBF1661DD0D616004E9A40 /* Main.storyboard in Resources */ = {isa = PBXBuildFile; fileRef = F2CBF1641DD0D616004E9A40 /* Main.storyboard */; };
		F2CBF1691DD0D616004E9A40 /* Domicilios.xcdatamodeld in Sources */ = {isa = PBXBuildFile; fileRef = F2CBF1671DD0D616004E9A40 /* Domicilios.xcdatamodeld */; };
		F2CBF16B1DD0D616004E9A40 /* Assets.xcassets in Resources */ = {isa = PBXBuildFile; fileRef = F2CBF16A1DD0D616004E9A40 /* Assets.xcassets */; };
		F2CBF16E1DD0D616004E9A40 /* LaunchScreen.storyboard in Resources */ = {isa = PBXBuildFile; fileRef = F2CBF16C1DD0D616004E9A40 /* LaunchScreen.storyboard */; };
		F2CBF17C1DD0D949004E9A40 /* UIColor+Domicilios.m in Sources */ = {isa = PBXBuildFile; fileRef = F2CBF17B1DD0D949004E9A40 /* UIColor+Domicilios.m */; };
		F2CBF17F1DD0D982004E9A40 /* UIColor+HexString.m in Sources */ = {isa = PBXBuildFile; fileRef = F2CBF17E1DD0D982004E9A40 /* UIColor+HexString.m */; };
		F2CBF1971DD0DC3B004E9A40 /* YPReachability.m in Sources */ = {isa = PBXBuildFile; fileRef = F2CBF1891DD0DC3B004E9A40 /* YPReachability.m */; };
		F2CBF1991DD0DC3B004E9A40 /* DomiciliosServiceFactory.m in Sources */ = {isa = PBXBuildFile; fileRef = F2CBF18D1DD0DC3B004E9A40 /* DomiciliosServiceFactory.m */; };
		F2CBF19B1DD0DC3B004E9A40 /* ResponseError.m in Sources */ = {isa = PBXBuildFile; fileRef = F2CBF1911DD0DC3B004E9A40 /* ResponseError.m */; };
		F2CBF1A11DD0DDE7004E9A40 /* RestaurantService.m in Sources */ = {isa = PBXBuildFile; fileRef = F2CBF1A01DD0DDE7004E9A40 /* RestaurantService.m */; };
		F2CBF1A41DD0E02D004E9A40 /* UIViewController+Alert.m in Sources */ = {isa = PBXBuildFile; fileRef = F2CBF1A31DD0E02D004E9A40 /* UIViewController+Alert.m */; };
		F2CBF1A71DD0E079004E9A40 /* UIViewController+SVProgressHUD.m in Sources */ = {isa = PBXBuildFile; fileRef = F2CBF1A61DD0E079004E9A40 /* UIViewController+SVProgressHUD.m */; };
		F2CBF1AA1DD0E498004E9A40 /* ServiceFactory.m in Sources */ = {isa = PBXBuildFile; fileRef = F2CBF1A91DD0E498004E9A40 /* ServiceFactory.m */; };
		F2CBF1AD1DD0E51B004E9A40 /* DataRequest.m in Sources */ = {isa = PBXBuildFile; fileRef = F2CBF1AC1DD0E51B004E9A40 /* DataRequest.m */; };
		F2CBF1B11DD0E643004E9A40 /* Restaurant.m in Sources */ = {isa = PBXBuildFile; fileRef = F2CBF1B01DD0E643004E9A40 /* Restaurant.m */; };
		F2CBF1B51DD0F01E004E9A40 /* RestaurantCell.m in Sources */ = {isa = PBXBuildFile; fileRef = F2CBF1B41DD0F01E004E9A40 /* RestaurantCell.m */; };
/* End PBXBuildFile section */

/* Begin PBXFileReference section */
		91740B582237580D60B6DF81 /* libPods-Domicilios.a */ = {isa = PBXFileReference; explicitFileType = archive.ar; includeInIndex = 0; path = "libPods-Domicilios.a"; sourceTree = BUILT_PRODUCTS_DIR; };
		F0DAFC8C2DF1FA1DB540884E /* Pods-Domicilios.release.xcconfig */ = {isa = PBXFileReference; includeInIndex = 1; lastKnownFileType = text.xcconfig; name = "Pods-Domicilios.release.xcconfig"; path = "Pods/Target Support Files/Pods-Domicilios/Pods-Domicilios.release.xcconfig"; sourceTree = "<group>"; };
		F23237A9357C132B15C10F2E /* Pods-Domicilios.debug.xcconfig */ = {isa = PBXFileReference; includeInIndex = 1; lastKnownFileType = text.xcconfig; name = "Pods-Domicilios.debug.xcconfig"; path = "Pods/Target Support Files/Pods-Domicilios/Pods-Domicilios.debug.xcconfig"; sourceTree = "<group>"; };
		F2499D351DD0FC710082AD9E /* RestaurantDetailViewController.h */ = {isa = PBXFileReference; fileEncoding = 4; lastKnownFileType = sourcecode.c.h; name = RestaurantDetailViewController.h; path = ViewControllers/RestaurantDetailViewController.h; sourceTree = "<group>"; };
		F2499D361DD0FC710082AD9E /* RestaurantDetailViewController.m */ = {isa = PBXFileReference; fileEncoding = 4; lastKnownFileType = sourcecode.c.objc; name = RestaurantDetailViewController.m; path = ViewControllers/RestaurantDetailViewController.m; sourceTree = "<group>"; };
		F2CBF1581DD0D616004E9A40 /* Domicilios.app */ = {isa = PBXFileReference; explicitFileType = wrapper.application; includeInIndex = 0; path = Domicilios.app; sourceTree = BUILT_PRODUCTS_DIR; };
		F2CBF15C1DD0D616004E9A40 /* main.m */ = {isa = PBXFileReference; lastKnownFileType = sourcecode.c.objc; path = main.m; sourceTree = "<group>"; };
		F2CBF15E1DD0D616004E9A40 /* AppDelegate.h */ = {isa = PBXFileReference; lastKnownFileType = sourcecode.c.h; path = AppDelegate.h; sourceTree = "<group>"; };
		F2CBF15F1DD0D616004E9A40 /* AppDelegate.m */ = {isa = PBXFileReference; lastKnownFileType = sourcecode.c.objc; path = AppDelegate.m; sourceTree = "<group>"; };
		F2CBF1611DD0D616004E9A40 /* ViewController.h */ = {isa = PBXFileReference; lastKnownFileType = sourcecode.c.h; path = ViewController.h; sourceTree = "<group>"; };
		F2CBF1621DD0D616004E9A40 /* ViewController.m */ = {isa = PBXFileReference; lastKnownFileType = sourcecode.c.objc; path = ViewController.m; sourceTree = "<group>"; };
		F2CBF1651DD0D616004E9A40 /* Base */ = {isa = PBXFileReference; lastKnownFileType = file.storyboard; name = Base; path = Base.lproj/Main.storyboard; sourceTree = "<group>"; };
		F2CBF1681DD0D616004E9A40 /* Domicilios.xcdatamodel */ = {isa = PBXFileReference; lastKnownFileType = wrapper.xcdatamodel; path = Domicilios.xcdatamodel; sourceTree = "<group>"; };
		F2CBF16A1DD0D616004E9A40 /* Assets.xcassets */ = {isa = PBXFileReference; lastKnownFileType = folder.assetcatalog; path = Assets.xcassets; sourceTree = "<group>"; };
		F2CBF16D1DD0D616004E9A40 /* Base */ = {isa = PBXFileReference; lastKnownFileType = file.storyboard; name = Base; path = Base.lproj/LaunchScreen.storyboard; sourceTree = "<group>"; };
		F2CBF16F1DD0D616004E9A40 /* Info.plist */ = {isa = PBXFileReference; lastKnownFileType = text.plist.xml; path = Info.plist; sourceTree = "<group>"; };
		F2CBF17A1DD0D949004E9A40 /* UIColor+Domicilios.h */ = {isa = PBXFileReference; fileEncoding = 4; lastKnownFileType = sourcecode.c.h; name = "UIColor+Domicilios.h"; path = "Categories/UIColor+Domicilios.h"; sourceTree = "<group>"; };
		F2CBF17B1DD0D949004E9A40 /* UIColor+Domicilios.m */ = {isa = PBXFileReference; fileEncoding = 4; lastKnownFileType = sourcecode.c.objc; name = "UIColor+Domicilios.m"; path = "Categories/UIColor+Domicilios.m"; sourceTree = "<group>"; };
		F2CBF17D1DD0D982004E9A40 /* UIColor+HexString.h */ = {isa = PBXFileReference; fileEncoding = 4; lastKnownFileType = sourcecode.c.h; name = "UIColor+HexString.h"; path = "Categories/UIColor+HexString.h"; sourceTree = "<group>"; };
		F2CBF17E1DD0D982004E9A40 /* UIColor+HexString.m */ = {isa = PBXFileReference; fileEncoding = 4; lastKnownFileType = sourcecode.c.objc; name = "UIColor+HexString.m"; path = "Categories/UIColor+HexString.m"; sourceTree = "<group>"; };
		F2CBF1881DD0DC3B004E9A40 /* YPReachability.h */ = {isa = PBXFileReference; fileEncoding = 4; lastKnownFileType = sourcecode.c.h; path = YPReachability.h; sourceTree = "<group>"; };
		F2CBF1891DD0DC3B004E9A40 /* YPReachability.m */ = {isa = PBXFileReference; fileEncoding = 4; lastKnownFileType = sourcecode.c.objc; path = YPReachability.m; sourceTree = "<group>"; };
		F2CBF18C1DD0DC3B004E9A40 /* DomiciliosServiceFactory.h */ = {isa = PBXFileReference; fileEncoding = 4; lastKnownFileType = sourcecode.c.h; path = DomiciliosServiceFactory.h; sourceTree = "<group>"; };
		F2CBF18D1DD0DC3B004E9A40 /* DomiciliosServiceFactory.m */ = {isa = PBXFileReference; fileEncoding = 4; lastKnownFileType = sourcecode.c.objc; path = DomiciliosServiceFactory.m; sourceTree = "<group>"; };
		F2CBF1901DD0DC3B004E9A40 /* ResponseError.h */ = {isa = PBXFileReference; fileEncoding = 4; lastKnownFileType = sourcecode.c.h; path = ResponseError.h; sourceTree = "<group>"; };
		F2CBF1911DD0DC3B004E9A40 /* ResponseError.m */ = {isa = PBXFileReference; fileEncoding = 4; lastKnownFileType = sourcecode.c.objc; path = ResponseError.m; sourceTree = "<group>"; };
		F2CBF19F1DD0DDE7004E9A40 /* RestaurantService.h */ = {isa = PBXFileReference; fileEncoding = 4; lastKnownFileType = sourcecode.c.h; name = RestaurantService.h; path = Services/RestaurantService.h; sourceTree = "<group>"; };
		F2CBF1A01DD0DDE7004E9A40 /* RestaurantService.m */ = {isa = PBXFileReference; fileEncoding = 4; lastKnownFileType = sourcecode.c.objc; name = RestaurantService.m; path = Services/RestaurantService.m; sourceTree = "<group>"; };
		F2CBF1A21DD0E02D004E9A40 /* UIViewController+Alert.h */ = {isa = PBXFileReference; fileEncoding = 4; lastKnownFileType = sourcecode.c.h; name = "UIViewController+Alert.h"; path = "Categories/UIViewController+Alert.h"; sourceTree = "<group>"; };
		F2CBF1A31DD0E02D004E9A40 /* UIViewController+Alert.m */ = {isa = PBXFileReference; fileEncoding = 4; lastKnownFileType = sourcecode.c.objc; name = "UIViewController+Alert.m"; path = "Categories/UIViewController+Alert.m"; sourceTree = "<group>"; };
		F2CBF1A51DD0E079004E9A40 /* UIViewController+SVProgressHUD.h */ = {isa = PBXFileReference; fileEncoding = 4; lastKnownFileType = sourcecode.c.h; name = "UIViewController+SVProgressHUD.h"; path = "Categories/UIViewController+SVProgressHUD.h"; sourceTree = "<group>"; };
		F2CBF1A61DD0E079004E9A40 /* UIViewController+SVProgressHUD.m */ = {isa = PBXFileReference; fileEncoding = 4; lastKnownFileType = sourcecode.c.objc; name = "UIViewController+SVProgressHUD.m"; path = "Categories/UIViewController+SVProgressHUD.m"; sourceTree = "<group>"; };
		F2CBF1A81DD0E498004E9A40 /* ServiceFactory.h */ = {isa = PBXFileReference; fileEncoding = 4; lastKnownFileType = sourcecode.c.h; name = ServiceFactory.h; path = Domicilios/Networking/YPNetworking/ServiceFactory.h; sourceTree = SOURCE_ROOT; };
		F2CBF1A91DD0E498004E9A40 /* ServiceFactory.m */ = {isa = PBXFileReference; fileEncoding = 4; lastKnownFileType = sourcecode.c.objc; name = ServiceFactory.m; path = Domicilios/Networking/YPNetworking/ServiceFactory.m; sourceTree = SOURCE_ROOT; };
		F2CBF1AB1DD0E51B004E9A40 /* DataRequest.h */ = {isa = PBXFileReference; fileEncoding = 4; lastKnownFileType = sourcecode.c.h; path = DataRequest.h; sourceTree = "<group>"; };
		F2CBF1AC1DD0E51B004E9A40 /* DataRequest.m */ = {isa = PBXFileReference; fileEncoding = 4; lastKnownFileType = sourcecode.c.objc; path = DataRequest.m; sourceTree = "<group>"; };
		F2CBF1AF1DD0E643004E9A40 /* Restaurant.h */ = {isa = PBXFileReference; fileEncoding = 4; lastKnownFileType = sourcecode.c.h; name = Restaurant.h; path = Model/Restaurant.h; sourceTree = "<group>"; };
		F2CBF1B01DD0E643004E9A40 /* Restaurant.m */ = {isa = PBXFileReference; fileEncoding = 4; lastKnownFileType = sourcecode.c.objc; name = Restaurant.m; path = Model/Restaurant.m; sourceTree = "<group>"; };
		F2CBF1B31DD0F01E004E9A40 /* RestaurantCell.h */ = {isa = PBXFileReference; fileEncoding = 4; lastKnownFileType = sourcecode.c.h; name = RestaurantCell.h; path = Views/RestaurantCell.h; sourceTree = "<group>"; };
		F2CBF1B41DD0F01E004E9A40 /* RestaurantCell.m */ = {isa = PBXFileReference; fileEncoding = 4; lastKnownFileType = sourcecode.c.objc; name = RestaurantCell.m; path = Views/RestaurantCell.m; sourceTree = "<group>"; };
/* End PBXFileReference section */

/* Begin PBXFrameworksBuildPhase section */
		F2CBF1551DD0D616004E9A40 /* Frameworks */ = {
			isa = PBXFrameworksBuildPhase;
			buildActionMask = 2147483647;
			files = (
				987017EFD45D9E8CD916071C /* libPods-Domicilios.a in Frameworks */,
			);
			runOnlyForDeploymentPostprocessing = 0;
		};
/* End PBXFrameworksBuildPhase section */

/* Begin PBXGroup section */
		8A8C383E9FAA2E7451F72E81 /* Pods */ = {
			isa = PBXGroup;
			children = (
				F23237A9357C132B15C10F2E /* Pods-Domicilios.debug.xcconfig */,
				F0DAFC8C2DF1FA1DB540884E /* Pods-Domicilios.release.xcconfig */,
			);
			name = Pods;
			sourceTree = "<group>";
		};
		BD8047CB4029F85E50315D4B /* Frameworks */ = {
			isa = PBXGroup;
			children = (
				91740B582237580D60B6DF81 /* libPods-Domicilios.a */,
			);
			name = Frameworks;
			sourceTree = "<group>";
		};
		F2CBF14F1DD0D616004E9A40 = {
			isa = PBXGroup;
			children = (
				F2CBF15A1DD0D616004E9A40 /* Domicilios */,
				F2CBF1591DD0D616004E9A40 /* Products */,
				8A8C383E9FAA2E7451F72E81 /* Pods */,
				BD8047CB4029F85E50315D4B /* Frameworks */,
			);
			sourceTree = "<group>";
		};
		F2CBF1591DD0D616004E9A40 /* Products */ = {
			isa = PBXGroup;
			children = (
				F2CBF1581DD0D616004E9A40 /* Domicilios.app */,
			);
			name = Products;
			sourceTree = "<group>";
		};
		F2CBF15A1DD0D616004E9A40 /* Domicilios */ = {
			isa = PBXGroup;
			children = (
				F2CBF1B21DD0EFFF004E9A40 /* Views */,
				F2CBF1AE1DD0E627004E9A40 /* Model */,
				F2CBF1801DD0DAF1004E9A40 /* Network */,
				F2CBF1791DD0D8EF004E9A40 /* Categories */,
				F2CBF1771DD0D896004E9A40 /* StoryBoards */,
				F2CBF1761DD0D887004E9A40 /* ViewControllers */,
				F2CBF1751DD0D877004E9A40 /* AppDelegate */,
				F2CBF16A1DD0D616004E9A40 /* Assets.xcassets */,
				F2CBF16C1DD0D616004E9A40 /* LaunchScreen.storyboard */,
				F2CBF16F1DD0D616004E9A40 /* Info.plist */,
				F2CBF1671DD0D616004E9A40 /* Domicilios.xcdatamodeld */,
				F2CBF15B1DD0D616004E9A40 /* Supporting Files */,
			);
			path = Domicilios;
			sourceTree = "<group>";
		};
		F2CBF15B1DD0D616004E9A40 /* Supporting Files */ = {
			isa = PBXGroup;
			children = (
				F2CBF15C1DD0D616004E9A40 /* main.m */,
			);
			name = "Supporting Files";
			sourceTree = "<group>";
		};
		F2CBF1751DD0D877004E9A40 /* AppDelegate */ = {
			isa = PBXGroup;
			children = (
				F2CBF15E1DD0D616004E9A40 /* AppDelegate.h */,
				F2CBF15F1DD0D616004E9A40 /* AppDelegate.m */,
			);
			name = AppDelegate;
			sourceTree = "<group>";
		};
		F2CBF1761DD0D887004E9A40 /* ViewControllers */ = {
			isa = PBXGroup;
			children = (
				F2CBF1611DD0D616004E9A40 /* ViewController.h */,
				F2CBF1621DD0D616004E9A40 /* ViewController.m */,
				F2499D351DD0FC710082AD9E /* RestaurantDetailViewController.h */,
				F2499D361DD0FC710082AD9E /* RestaurantDetailViewController.m */,
			);
			name = ViewControllers;
			sourceTree = "<group>";
		};
		F2CBF1771DD0D896004E9A40 /* StoryBoards */ = {
			isa = PBXGroup;
			children = (
				F2CBF1641DD0D616004E9A40 /* Main.storyboard */,
			);
			name = StoryBoards;
			sourceTree = "<group>";
		};
		F2CBF1791DD0D8EF004E9A40 /* Categories */ = {
			isa = PBXGroup;
			children = (
				F2CBF1A51DD0E079004E9A40 /* UIViewController+SVProgressHUD.h */,
				F2CBF1A61DD0E079004E9A40 /* UIViewController+SVProgressHUD.m */,
				F2CBF1A21DD0E02D004E9A40 /* UIViewController+Alert.h */,
				F2CBF1A31DD0E02D004E9A40 /* UIViewController+Alert.m */,
				F2CBF17D1DD0D982004E9A40 /* UIColor+HexString.h */,
				F2CBF17E1DD0D982004E9A40 /* UIColor+HexString.m */,
				F2CBF17A1DD0D949004E9A40 /* UIColor+Domicilios.h */,
				F2CBF17B1DD0D949004E9A40 /* UIColor+Domicilios.m */,
			);
			name = Categories;
			sourceTree = "<group>";
		};
		F2CBF1801DD0DAF1004E9A40 /* Network */ = {
			isa = PBXGroup;
			children = (
				F2CBF1841DD0DC3B004E9A40 /* YPNetworking */,
			);
			name = Network;
			sourceTree = "<group>";
		};
		F2CBF1841DD0DC3B004E9A40 /* YPNetworking */ = {
			isa = PBXGroup;
			children = (
				F2CBF19E1DD0DD91004E9A40 /* Services */,
				F2CBF1871DD0DC3B004E9A40 /* Reachability */,
				F2CBF18C1DD0DC3B004E9A40 /* DomiciliosServiceFactory.h */,
				F2CBF18D1DD0DC3B004E9A40 /* DomiciliosServiceFactory.m */,
				F2CBF1901DD0DC3B004E9A40 /* ResponseError.h */,
				F2CBF1911DD0DC3B004E9A40 /* ResponseError.m */,
				F2CBF1AB1DD0E51B004E9A40 /* DataRequest.h */,
				F2CBF1AC1DD0E51B004E9A40 /* DataRequest.m */,
			);
			name = YPNetworking;
			path = Networking/YPNetworking;
			sourceTree = "<group>";
		};
		F2CBF1871DD0DC3B004E9A40 /* Reachability */ = {
			isa = PBXGroup;
			children = (
				F2CBF1A81DD0E498004E9A40 /* ServiceFactory.h */,
				F2CBF1A91DD0E498004E9A40 /* ServiceFactory.m */,
				F2CBF1881DD0DC3B004E9A40 /* YPReachability.h */,
				F2CBF1891DD0DC3B004E9A40 /* YPReachability.m */,
			);
			path = Reachability;
			sourceTree = "<group>";
		};
		F2CBF19E1DD0DD91004E9A40 /* Services */ = {
			isa = PBXGroup;
			children = (
				F2CBF19F1DD0DDE7004E9A40 /* RestaurantService.h */,
				F2CBF1A01DD0DDE7004E9A40 /* RestaurantService.m */,
			);
			name = Services;
			sourceTree = "<group>";
		};
		F2CBF1AE1DD0E627004E9A40 /* Model */ = {
			isa = PBXGroup;
			children = (
				F2CBF1AF1DD0E643004E9A40 /* Restaurant.h */,
				F2CBF1B01DD0E643004E9A40 /* Restaurant.m */,
			);
			name = Model;
			sourceTree = "<group>";
		};
		F2CBF1B21DD0EFFF004E9A40 /* Views */ = {
			isa = PBXGroup;
			children = (
				F2CBF1B31DD0F01E004E9A40 /* RestaurantCell.h */,
				F2CBF1B41DD0F01E004E9A40 /* RestaurantCell.m */,
			);
			name = Views;
			sourceTree = "<group>";
		};
/* End PBXGroup section */

/* Begin PBXNativeTarget section */
		F2CBF1571DD0D616004E9A40 /* Domicilios */ = {
			isa = PBXNativeTarget;
			buildConfigurationList = F2CBF1721DD0D616004E9A40 /* Build configuration list for PBXNativeTarget "Domicilios" */;
			buildPhases = (
				99D10C4F82443742D3A7495B /* Check Pods Manifest.lock */,
				F2CBF1541DD0D616004E9A40 /* Sources */,
				F2CBF1551DD0D616004E9A40 /* Frameworks */,
				F2CBF1561DD0D616004E9A40 /* Resources */,
				A7C33C94CDB6406102FFE2A7 /* Embed Pods Frameworks */,
				78EE2E360ADBBB1AFB9F2F79 /* Copy Pods Resources */,
			);
			buildRules = (
			);
			dependencies = (
			);
			name = Domicilios;
			productName = Domicilios;
			productReference = F2CBF1581DD0D616004E9A40 /* Domicilios.app */;
			productType = "com.apple.product-type.application";
		};
/* End PBXNativeTarget section */

/* Begin PBXProject section */
		F2CBF1501DD0D616004E9A40 /* Project object */ = {
			isa = PBXProject;
			attributes = {
				LastUpgradeCheck = 0730;
				ORGANIZATIONNAME = "Ivan F Garcia S";
				TargetAttributes = {
					F2CBF1571DD0D616004E9A40 = {
						CreatedOnToolsVersion = 7.3.1;
					};
				};
			};
			buildConfigurationList = F2CBF1531DD0D616004E9A40 /* Build configuration list for PBXProject "Domicilios" */;
			compatibilityVersion = "Xcode 3.2";
			developmentRegion = English;
			hasScannedForEncodings = 0;
			knownRegions = (
				en,
				Base,
			);
			mainGroup = F2CBF14F1DD0D616004E9A40;
			productRefGroup = F2CBF1591DD0D616004E9A40 /* Products */;
			projectDirPath = "";
			projectRoot = "";
			targets = (
				F2CBF1571DD0D616004E9A40 /* Domicilios */,
			);
		};
/* End PBXProject section */

/* Begin PBXResourcesBuildPhase section */
		F2CBF1561DD0D616004E9A40 /* Resources */ = {
			isa = PBXResourcesBuildPhase;
			buildActionMask = 2147483647;
			files = (
				F2CBF16E1DD0D616004E9A40 /* LaunchScreen.storyboard in Resources */,
				F2CBF16B1DD0D616004E9A40 /* Assets.xcassets in Resources */,
				F2CBF1661DD0D616004E9A40 /* Main.storyboard in Resources */,
			);
			runOnlyForDeploymentPostprocessing = 0;
		};
/* End PBXResourcesBuildPhase section */

/* Begin PBXShellScriptBuildPhase section */
		78EE2E360ADBBB1AFB9F2F79 /* Copy Pods Resources */ = {
			isa = PBXShellScriptBuildPhase;
			buildActionMask = 2147483647;
			files = (
			);
			inputPaths = (
			);
			name = "Copy Pods Resources";
			outputPaths = (
			);
			runOnlyForDeploymentPostprocessing = 0;
			shellPath = /bin/sh;
			shellScript = "\"${SRCROOT}/Pods/Target Support Files/Pods-Domicilios/Pods-Domicilios-resources.sh\"\n";
			showEnvVarsInLog = 0;
		};
		99D10C4F82443742D3A7495B /* Check Pods Manifest.lock */ = {
			isa = PBXShellScriptBuildPhase;
			buildActionMask = 2147483647;
			files = (
			);
			inputPaths = (
			);
			name = "Check Pods Manifest.lock";
			outputPaths = (
			);
			runOnlyForDeploymentPostprocessing = 0;
			shellPath = /bin/sh;
			shellScript = "diff \"${PODS_ROOT}/../Podfile.lock\" \"${PODS_ROOT}/Manifest.lock\" > /dev/null\nif [[ $? != 0 ]] ; then\n    cat << EOM\nerror: The sandbox is not in sync with the Podfile.lock. Run 'pod install' or update your CocoaPods installation.\nEOM\n    exit 1\nfi\n";
			showEnvVarsInLog = 0;
		};
		A7C33C94CDB6406102FFE2A7 /* Embed Pods Frameworks */ = {
			isa = PBXShellScriptBuildPhase;
			buildActionMask = 2147483647;
			files = (
			);
			inputPaths = (
			);
			name = "Embed Pods Frameworks";
			outputPaths = (
			);
			runOnlyForDeploymentPostprocessing = 0;
			shellPath = /bin/sh;
			shellScript = "\"${SRCROOT}/Pods/Target Support Files/Pods-Domicilios/Pods-Domicilios-frameworks.sh\"\n";
			showEnvVarsInLog = 0;
		};
/* End PBXShellScriptBuildPhase section */

/* Begin PBXSourcesBuildPhase section */
		F2CBF1541DD0D616004E9A40 /* Sources */ = {
			isa = PBXSourcesBuildPhase;
			buildActionMask = 2147483647;
			files = (
				F2CBF17F1DD0D982004E9A40 /* UIColor+HexString.m in Sources */,
				F2CBF1A41DD0E02D004E9A40 /* UIViewController+Alert.m in Sources */,
				F2CBF19B1DD0DC3B004E9A40 /* ResponseError.m in Sources */,
				F2CBF1A71DD0E079004E9A40 /* UIViewController+SVProgressHUD.m in Sources */,
				F2499D371DD0FC710082AD9E /* RestaurantDetailViewController.m in Sources */,
				F2CBF1631DD0D616004E9A40 /* ViewController.m in Sources */,
				F2CBF1B51DD0F01E004E9A40 /* RestaurantCell.m in Sources */,
				F2CBF1AD1DD0E51B004E9A40 /* DataRequest.m in Sources */,
				F2CBF1991DD0DC3B004E9A40 /* DomiciliosServiceFactory.m in Sources */,
				F2CBF1A11DD0DDE7004E9A40 /* RestaurantService.m in Sources */,
				F2CBF1B11DD0E643004E9A40 /* Restaurant.m in Sources */,
				F2CBF17C1DD0D949004E9A40 /* UIColor+Domicilios.m in Sources */,
				F2CBF1AA1DD0E498004E9A40 /* ServiceFactory.m in Sources */,
				F2CBF1601DD0D616004E9A40 /* AppDelegate.m in Sources */,
				F2CBF1971DD0DC3B004E9A40 /* YPReachability.m in Sources */,
				F2CBF15D1DD0D616004E9A40 /* main.m in Sources */,
				F2CBF1691DD0D616004E9A40 /* Domicilios.xcdatamodeld in Sources */,
			);
			runOnlyForDeploymentPostprocessing = 0;
		};
/* End PBXSourcesBuildPhase section */

/* Begin PBXVariantGroup section */
		F2CBF1641DD0D616004E9A40 /* Main.storyboard */ = {
			isa = PBXVariantGroup;
			children = (
				F2CBF1651DD0D616004E9A40 /* Base */,
			);
			name = Main.storyboard;
			sourceTree = "<group>";
		};
		F2CBF16C1DD0D616004E9A40 /* LaunchScreen.storyboard */ = {
			isa = PBXVariantGroup;
			children = (
				F2CBF16D1DD0D616004E9A40 /* Base */,
			);
			name = LaunchScreen.storyboard;
			sourceTree = "<group>";
		};
/* End PBXVariantGroup section */

/* Begin XCBuildConfiguration section */
		F2CBF1701DD0D616004E9A40 /* Debug */ = {
			isa = XCBuildConfiguration;
			buildSettings = {
				ALWAYS_SEARCH_USER_PATHS = NO;
				CLANG_ANALYZER_NONNULL = YES;
				CLANG_CXX_LANGUAGE_STANDARD = "gnu++0x";
				CLANG_CXX_LIBRARY = "libc++";
				CLANG_ENABLE_MODULES = YES;
				CLANG_ENABLE_OBJC_ARC = YES;
				CLANG_WARN_BOOL_CONVERSION = YES;
				CLANG_WARN_CONSTANT_CONVERSION = YES;
				CLANG_WARN_DIRECT_OBJC_ISA_USAGE = YES_ERROR;
				CLANG_WARN_EMPTY_BODY = YES;
				CLANG_WARN_ENUM_CONVERSION = YES;
				CLANG_WARN_INT_CONVERSION = YES;
				CLANG_WARN_OBJC_ROOT_CLASS = YES_ERROR;
				CLANG_WARN_UNREACHABLE_CODE = YES;
				CLANG_WARN__DUPLICATE_METHOD_MATCH = YES;
				"CODE_SIGN_IDENTITY[sdk=iphoneos*]" = "iPhone Developer";
				COPY_PHASE_STRIP = NO;
				DEBUG_INFORMATION_FORMAT = dwarf;
				ENABLE_STRICT_OBJC_MSGSEND = YES;
				ENABLE_TESTABILITY = YES;
				GCC_C_LANGUAGE_STANDARD = gnu99;
				GCC_DYNAMIC_NO_PIC = NO;
				GCC_NO_COMMON_BLOCKS = YES;
				GCC_OPTIMIZATION_LEVEL = 0;
				GCC_PREPROCESSOR_DEFINITIONS = (
					"DEBUG=1",
					"$(inherited)",
				);
				GCC_WARN_64_TO_32_BIT_CONVERSION = YES;
				GCC_WARN_ABOUT_RETURN_TYPE = YES_ERROR;
				GCC_WARN_UNDECLARED_SELECTOR = YES;
				GCC_WARN_UNINITIALIZED_AUTOS = YES_AGGRESSIVE;
				GCC_WARN_UNUSED_FUNCTION = YES;
				GCC_WARN_UNUSED_VARIABLE = YES;
				IPHONEOS_DEPLOYMENT_TARGET = 9.3;
				MTL_ENABLE_DEBUG_INFO = YES;
				ONLY_ACTIVE_ARCH = YES;
				SDKROOT = iphoneos;
			};
			name = Debug;
		};
		F2CBF1711DD0D616004E9A40 /* Release */ = {
			isa = XCBuildConfiguration;
			buildSettings = {
				ALWAYS_SEARCH_USER_PATHS = NO;
				CLANG_ANALYZER_NONNULL = YES;
				CLANG_CXX_LANGUAGE_STANDARD = "gnu++0x";
				CLANG_CXX_LIBRARY = "libc++";
				CLANG_ENABLE_MODULES = YES;
				CLANG_ENABLE_OBJC_ARC = YES;
				CLANG_WARN_BOOL_CONVERSION = YES;
				CLANG_WARN_CONSTANT_CONVERSION = YES;
				CLANG_WARN_DIRECT_OBJC_ISA_USAGE = YES_ERROR;
				CLANG_WARN_EMPTY_BODY = YES;
				CLANG_WARN_ENUM_CONVERSION = YES;
				CLANG_WARN_INT_CONVERSION = YES;
				CLANG_WARN_OBJC_ROOT_CLASS = YES_ERROR;
				CLANG_WARN_UNREACHABLE_CODE = YES;
				CLANG_WARN__DUPLICATE_METHOD_MATCH = YES;
				"CODE_SIGN_IDENTITY[sdk=iphoneos*]" = "iPhone Developer";
				COPY_PHASE_STRIP = NO;
				DEBUG_INFORMATION_FORMAT = "dwarf-with-dsym";
				ENABLE_NS_ASSERTIONS = NO;
				ENABLE_STRICT_OBJC_MSGSEND = YES;
				GCC_C_LANGUAGE_STANDARD = gnu99;
				GCC_NO_COMMON_BLOCKS = YES;
				GCC_WARN_64_TO_32_BIT_CONVERSION = YES;
				GCC_WARN_ABOUT_RETURN_TYPE = YES_ERROR;
				GCC_WARN_UNDECLARED_SELECTOR = YES;
				GCC_WARN_UNINITIALIZED_AUTOS = YES_AGGRESSIVE;
				GCC_WARN_UNUSED_FUNCTION = YES;
				GCC_WARN_UNUSED_VARIABLE = YES;
				IPHONEOS_DEPLOYMENT_TARGET = 9.3;
				MTL_ENABLE_DEBUG_INFO = NO;
				SDKROOT = iphoneos;
				VALIDATE_PRODUCT = YES;
			};
			name = Release;
		};
		F2CBF1731DD0D616004E9A40 /* Debug */ = {
			isa = XCBuildConfiguration;
			baseConfigurationReference = F23237A9357C132B15C10F2E /* Pods-Domicilios.debug.xcconfig */;
			buildSettings = {
				ASSETCATALOG_COMPILER_APPICON_NAME = AppIcon;
				INFOPLIST_FILE = Domicilios/Info.plist;
				LD_RUNPATH_SEARCH_PATHS = "$(inherited) @executable_path/Frameworks";
				PRODUCT_BUNDLE_IDENTIFIER = com.ParTycket.Domicilios;
				PRODUCT_NAME = "$(TARGET_NAME)";
			};
			name = Debug;
		};
		F2CBF1741DD0D616004E9A40 /* Release */ = {
			isa = XCBuildConfiguration;
			baseConfigurationReference = F0DAFC8C2DF1FA1DB540884E /* Pods-Domicilios.release.xcconfig */;
			buildSettings = {
				ASSETCATALOG_COMPILER_APPICON_NAME = AppIcon;
				INFOPLIST_FILE = Domicilios/Info.plist;
				LD_RUNPATH_SEARCH_PATHS = "$(inherited) @executable_path/Frameworks";
				PRODUCT_BUNDLE_IDENTIFIER = com.ParTycket.Domicilios;
				PRODUCT_NAME = "$(TARGET_NAME)";
			};
			name = Release;
		};
/* End XCBuildConfiguration section */

/* Begin XCConfigurationList section */
		F2CBF1531DD0D616004E9A40 /* Build configuration list for PBXProject "Domicilios" */ = {
			isa = XCConfigurationList;
			buildConfigurations = (
				F2CBF1701DD0D616004E9A40 /* Debug */,
				F2CBF1711DD0D616004E9A40 /* Release */,
			);
			defaultConfigurationIsVisible = 0;
			defaultConfigurationName = Release;
		};
		F2CBF1721DD0D616004E9A40 /* Build configuration list for PBXNativeTarget "Domicilios" */ = {
			isa = XCConfigurationList;
			buildConfigurations = (
				F2CBF1731DD0D616004E9A40 /* Debug */,
				F2CBF1741DD0D616004E9A40 /* Release */,
			);
			defaultConfigurationIsVisible = 0;
			defaultConfigurationName = Release;
		};
/* End XCConfigurationList section */

/* Begin XCVersionGroup section */
		F2CBF1671DD0D616004E9A40 /* Domicilios.xcdatamodeld */ = {
			isa = XCVersionGroup;
			children = (
				F2CBF1681DD0D616004E9A40 /* Domicilios.xcdatamodel */,
			);
			currentVersion = F2CBF1681DD0D616004E9A40 /* Domicilios.xcdatamodel */;
			path = Domicilios.xcdatamodeld;
			sourceTree = "<group>";
			versionGroupType = wrapper.xcdatamodel;
		};
/* End XCVersionGroup section */
	};
	rootObject = F2CBF1501DD0D616004E9A40 /* Project object */;
}
